{
  "name": "@retake-tools/image-studio-plugin-source",
  "version": "0.7.0",
  "lockfileVersion": 3,
  "requires": true,
  "packages": {
    "": {
      "name": "@retake-tools/image-studio-plugin-source",
      "version": "0.7.0",
      "dependencies": {
        "@retake-tools/package-contracts": "file:vendor/npm/retake-tools-package-contracts-0.1.0.tgz",
        "@retake-tools/plugin-runtime": "file:vendor/npm/retake-tools-plugin-runtime-0.1.0.tgz",
        "@retake/plugin-api": "file:vendor/npm/retake-plugin-api-0.1.0.tgz"
      }
    },
    "node_modules/@retake-tools/package-contracts": {
      "version": "0.1.0",
      "resolved": "file:vendor/npm/retake-tools-package-contracts-0.1.0.tgz",
      "integrity": "sha512-zXuWKim9glHzYYQI4aQ+KzrL22tdHFJFZst4IAt9NQIjIVLAXqOqXNiXt7N+yjByYJKhKiF0aQi2WX3id/kCMA==",
      "dependencies": {
        "zod": "^4.4.3"
      },
      "engines": {
        "node": "^22.12.0 || ^24.0.0"
      }
    },
    "node_modules/@retake-tools/plugin-runtime": {
      "version": "0.1.0",
      "resolved": "file:vendor/npm/retake-tools-plugin-runtime-0.1.0.tgz",
      "integrity": "sha512-AjTt48C5jAvxqMyKNe4/amO2CgBl+T0HaiHxphKUHDSgezY1nK1mkntUKbBdK2pFq9KvAuW90O34lwuxttnilQ==",
      "dependencies": {
        "@retake-tools/package-contracts": "0.1.0"
      },
      "engines": {
        "node": "^22.12.0 || ^24.0.0"
      }
    },
    "node_modules/@retake/plugin-api": {
      "version": "0.1.0",
      "resolved": "file:vendor/npm/retake-plugin-api-0.1.0.tgz",
      "integrity": "sha512-hnYVasPiJRIrYFZF3F/LjPyo+tB6MWN6XlpQCxs5TCYNzP5TZbmvtFWFq9kwx4llgBP86I6624i+0azL8TkPVg==",
      "dependencies": {
        "@retake-tools/package-contracts": "0.1.0",
        "@retake-tools/plugin-runtime": "0.1.0"
      },
      "engines": {
        "node": "^22.12.0 || ^24.0.0"
      }
    },
    "node_modules/zod": {
      "version": "4.4.3",
      "resolved": "https://registry.npmjs.org/zod/-/zod-4.4.3.tgz",
      "integrity": "sha512-ytENFjIJFl2UwYglde2jchW2Hwm4GJFLDiSXWdTrJQBIN9Fcyp7n4DhxJEiWNAJMV1/BqWfW/kkg71UDcHJyTQ==",
      "license": "MIT",
      "funding": {
        "url": "https://github.com/sponsors/colinhacks"
      }
    }
  }
}
