{
  "name": "@retake-tools/image-studio-plugin-source",
  "version": "0.7.0",
  "lockfileVersion": 3,
  "requires": true,
  "packages": {
    "": {
      "name": "@retake-tools/image-studio-plugin-source",
      "version": "0.7.0",
      "dependencies": {
        "@retake-tools/package-contracts": "file:vendor/npm/retake-tools-package-contracts-0.1.0.tgz",
        "@retake-tools/plugin-runtime": "file:vendor/npm/retake-tools-plugin-runtime-0.1.0.tgz",
        "@retake/plugin-api": "file:vendor/npm/retake-plugin-api-0.1.0.tgz"
      }
    },
    "node_modules/@retake-tools/package-contracts": {
      "version": "0.1.0",
      "resolved": "file:vendor/npm/retake-tools-package-contracts-0.1.0.tgz",
      "integrity": "sha512-gfPDT8eh8+snoK6bir4bkH4FWBJaIOsL33DED3sp/fr/tjRWowU6232D1nLLA3qlK+IXWFmZdwa4nrqSOl02Mw==",
      "dependencies": {
        "zod": "^4.4.3"
      },
      "engines": {
        "node": "^22.12.0 || ^24.0.0"
      }
    },
    "node_modules/@retake-tools/plugin-runtime": {
      "version": "0.1.0",
      "resolved": "file:vendor/npm/retake-tools-plugin-runtime-0.1.0.tgz",
      "integrity": "sha512-B+lrvKQtsjSZz4Wn3zP/8+sOuvlro5PAXq0mB3mCCC64bZ5GXp1o4sfwyq4FGnnEW8Tk8n5zzKdH4uNrf+qJTw==",
      "dependencies": {
        "@retake-tools/package-contracts": "0.1.0"
      },
      "engines": {
        "node": "^22.12.0 || ^24.0.0"
      }
    },
    "node_modules/@retake/plugin-api": {
      "version": "0.1.0",
      "resolved": "file:vendor/npm/retake-plugin-api-0.1.0.tgz",
      "integrity": "sha512-9M/cj50W1HXIkBL7SB33SIBTisD3iFfaJIph8lZQHLRdopAOlxEdrthSerAMRDT1nNxNjVJPKl7VZyJ6n6BZxA==",
      "dependencies": {
        "@retake-tools/package-contracts": "0.1.0",
        "@retake-tools/plugin-runtime": "0.1.0"
      },
      "engines": {
        "node": "^22.12.0 || ^24.0.0"
      }
    },
    "node_modules/zod": {
      "version": "4.4.3",
      "resolved": "https://registry.npmjs.org/zod/-/zod-4.4.3.tgz",
      "integrity": "sha512-ytENFjIJFl2UwYglde2jchW2Hwm4GJFLDiSXWdTrJQBIN9Fcyp7n4DhxJEiWNAJMV1/BqWfW/kkg71UDcHJyTQ==",
      "license": "MIT",
      "funding": {
        "url": "https://github.com/sponsors/colinhacks"
      }
    }
  }
}
