{
  "name": "@retake-tools/image-studio-plugin-source",
  "version": "0.8.0",
  "lockfileVersion": 3,
  "requires": true,
  "packages": {
    "": {
      "name": "@retake-tools/image-studio-plugin-source",
      "version": "0.8.0",
      "dependencies": {
        "@retake-tools/package-contracts": "file:vendor/npm/retake-tools-package-contracts-0.1.0.tgz",
        "@retake-tools/plugin-runtime": "file:vendor/npm/retake-tools-plugin-runtime-0.1.0.tgz",
        "@retake/plugin-api": "file:vendor/npm/retake-plugin-api-0.1.0.tgz"
      }
    },
    "node_modules/@retake-tools/package-contracts": {
      "version": "0.1.0",
      "resolved": "file:vendor/npm/retake-tools-package-contracts-0.1.0.tgz",
      "integrity": "sha512-Vsv9xjazprljxS7RNAC319oNHvQ8wRNlWYX23h4ioygjGCSY1zUlUpd0Tf55026pPK23YMxV0GqR6IjPCjDiQA==",
      "dependencies": {
        "zod": "^4.4.3"
      },
      "engines": {
        "node": "^22.12.0 || ^24.0.0"
      }
    },
    "node_modules/@retake-tools/plugin-runtime": {
      "version": "0.1.0",
      "resolved": "file:vendor/npm/retake-tools-plugin-runtime-0.1.0.tgz",
      "integrity": "sha512-Iu8XMow8NbY0aRN5A2CLEuK1KoUeGaw4hQ17RnpavI40EMQEGOJDmIOk86WJ+IVDmDsaXMaiioSOTPhWRUhxsg==",
      "dependencies": {
        "@retake-tools/package-contracts": "0.1.0"
      },
      "engines": {
        "node": "^22.12.0 || ^24.0.0"
      }
    },
    "node_modules/@retake/plugin-api": {
      "version": "0.1.0",
      "resolved": "file:vendor/npm/retake-plugin-api-0.1.0.tgz",
      "integrity": "sha512-lq89mHeumWDnmQzeU+rwvFX+D02oswOG0GX8V6FK0xvXuRo2mtHuL8KmfA51PKvyW0LtxDv9sMW3vwi/J64UTw==",
      "dependencies": {
        "@retake-tools/package-contracts": "0.1.0",
        "@retake-tools/plugin-runtime": "0.1.0"
      },
      "engines": {
        "node": "^22.12.0 || ^24.0.0"
      }
    },
    "node_modules/zod": {
      "version": "4.4.3",
      "resolved": "https://registry.npmjs.org/zod/-/zod-4.4.3.tgz",
      "integrity": "sha512-ytENFjIJFl2UwYglde2jchW2Hwm4GJFLDiSXWdTrJQBIN9Fcyp7n4DhxJEiWNAJMV1/BqWfW/kkg71UDcHJyTQ==",
      "license": "MIT",
      "funding": {
        "url": "https://github.com/sponsors/colinhacks"
      }
    }
  }
}
